<?xml version="1.0" encoding="utf-8"?>
<Project ToolsVersion="4.0" xmlns="http://schemas.microsoft.com/developer/msbuild/2003">
  <ItemGroup>
    <Filter Include="Source Files">
      <UniqueIdentifier>{4FC737F1-C7A5-4376-A066-2A32D752A2FF}</UniqueIdentifier>
      <Extensions>cpp;c;cc;cxx;def;odl;idl;hpj;bat;asm;asmx</Extensions>
    </Filter>
    <Filter Include="Header Files">
      <UniqueIdentifier>{93995380-89BD-4b04-88EB-625FBE52EBFB}</UniqueIdentifier>
      <Extensions>h;hpp;hxx;hm;inl;inc;xsd</Extensions>
    </Filter>
    <Filter Include="Header Files\PIPES">
      <UniqueIdentifier>{a3e456d2-bc89-4dfa-8cef-7f4cffaac8e9}</UniqueIdentifier>
    </Filter>
    <Filter Include="Header Files\States">
      <UniqueIdentifier>{da77ad7c-c593-4171-8098-d0b5ca84a9fb}</UniqueIdentifier>
    </Filter>
    <Filter Include="Source Files\PIPES">
      <UniqueIdentifier>{0e26fe6e-adc8-4294-a767-c8faab7720da}</UniqueIdentifier>
    </Filter>
    <Filter Include="Source Files\States">
      <UniqueIdentifier>{26b1225a-22a5-4335-81a2-6a0d89d766d5}</UniqueIdentifier>
    </Filter>
    <Filter Include="Header Files\Resources">
      <UniqueIdentifier>{9c99328c-399f-4376-b658-87befd3f4c63}</UniqueIdentifier>
    </Filter>
    <Filter Include="Source Files\Resources">
      <UniqueIdentifier>{ab41fa50-db8a-4599-bdee-39711dab6dde}</UniqueIdentifier>
    </Filter>
    <Filter Include="Source Files\Display">
      <UniqueIdentifier>{d7598af7-6898-4267-ac0a-888e2b04fb70}</UniqueIdentifier>
    </Filter>
    <Filter Include="Header Files\Display">
      <UniqueIdentifier>{47c3d25b-a139-4da0-91fa-fe22331ebaa5}</UniqueIdentifier>
    </Filter>
    <Filter Include="Source Files\Objects">
      <UniqueIdentifier>{321b5c62-5eb4-40c2-8b37-954081cae780}</UniqueIdentifier>
    </Filter>
    <Filter Include="Header Files\Objects">
      <UniqueIdentifier>{a54c7e0f-ab88-40cb-8c3b-a6a612f236a2}</UniqueIdentifier>
    </Filter>
    <Filter Include="Header Files\SimplePersistence">
      <UniqueIdentifier>{8e9ccf71-2dc2-4427-90a5-ca1f8918a472}</UniqueIdentifier>
    </Filter>
    <Filter Include="Source Files\SimplePersistence">
      <UniqueIdentifier>{7c12f7d8-cf54-48bc-ac4c-c4b76b938265}</UniqueIdentifier>
    </Filter>
  </ItemGroup>
  <ItemGroup>
    <ClCompile Include="GameManager.cpp">
      <Filter>Source Files</Filter>
    </ClCompile>
    <ClCompile Include="ClientReceiver.cpp">
      <Filter>Source Files\PIPES</Filter>
    </ClCompile>
    <ClCompile Include="ClientTransmitter.cpp">
      <Filter>Source Files\PIPES</Filter>
    </ClCompile>
    <ClCompile Include="Main.cpp">
      <Filter>Source Files</Filter>
    </ClCompile>
    <ClCompile Include="State.cpp">
      <Filter>Source Files\Display</Filter>
    </ClCompile>
    <ClCompile Include="GameState.cpp">
      <Filter>Source Files\States</Filter>
    </ClCompile>
    <ClCompile Include="..\PacketTypes.cpp">
      <Filter>Source Files\Resources</Filter>
    </ClCompile>
    <ClCompile Include="..\SharedConstants.cpp">
      <Filter>Source Files\Resources</Filter>
    </ClCompile>
    <ClCompile Include="PlayerSprite.cpp">
      <Filter>Source Files\Objects</Filter>
    </ClCompile>
    <ClCompile Include="BulletSprite.cpp">
      <Filter>Source Files\Objects</Filter>
    </ClCompile>
    <ClCompile Include="HealthBarSprite.cpp">
      <Filter>Source Files\Objects</Filter>
    </ClCompile>
    <ClCompile Include="Level.cpp">
      <Filter>Source Files\Objects</Filter>
    </ClCompile>
    <ClCompile Include="ScoreBoard.cpp">
      <Filter>Source Files\Objects</Filter>
    </ClCompile>
    <ClCompile Include="SplashState.cpp">
      <Filter>Source Files\States</Filter>
    </ClCompile>
    <ClCompile Include="CreditsState.cpp">
      <Filter>Source Files\States</Filter>
    </ClCompile>
    <ClCompile Include="LobbyState.cpp">
      <Filter>Source Files\States</Filter>
    </ClCompile>
    <ClCompile Include="OptionsState.cpp">
      <Filter>Source Files\States</Filter>
    </ClCompile>
    <ClCompile Include="MenuState.cpp">
      <Filter>Source Files\Display</Filter>
    </ClCompile>
    <ClCompile Include="SpriteSheet.cpp">
      <Filter>Source Files\Display</Filter>
    </ClCompile>
    <ClCompile Include="Button.cpp">
      <Filter>Source Files\Display</Filter>
    </ClCompile>
    <ClCompile Include="HelpState.cpp">
      <Filter>Source Files\States</Filter>
    </ClCompile>
    <ClCompile Include="InputBox.cpp">
      <Filter>Source Files\Objects</Filter>
    </ClCompile>
    <ClCompile Include="NotificationBox.cpp">
      <Filter>Source Files\Display</Filter>
    </ClCompile>
    <ClCompile Include="Starfield.cpp">
      <Filter>Source Files\Objects</Filter>
    </ClCompile>
    <ClCompile Include="AudioManager.cpp">
      <Filter>Source Files</Filter>
    </ClCompile>
    <ClCompile Include="..\SimplePersistence-1.0\PugiXML\pugixml.cpp">
      <Filter>Source Files\SimplePersistence</Filter>
    </ClCompile>
    <ClCompile Include="..\SimplePersistence-1.0\SimplePersistence.cpp">
      <Filter>Source Files\SimplePersistence</Filter>
    </ClCompile>
  </ItemGroup>
  <ItemGroup>
    <ClInclude Include="GameManager.h">
      <Filter>Header Files</Filter>
    </ClInclude>
    <ClInclude Include="ClientReceiver.h">
      <Filter>Header Files\PIPES</Filter>
    </ClInclude>
    <ClInclude Include="ClientTransmitter.h">
      <Filter>Header Files\PIPES</Filter>
    </ClInclude>
    <ClInclude Include="State.h">
      <Filter>Header Files\Display</Filter>
    </ClInclude>
    <ClInclude Include="GameState.h">
      <Filter>Header Files\States</Filter>
    </ClInclude>
    <ClInclude Include="ServerNetworkData.h">
      <Filter>Header Files\Resources</Filter>
    </ClInclude>
    <ClInclude Include="..\SharedConstants.h">
      <Filter>Header Files\Resources</Filter>
    </ClInclude>
    <ClInclude Include="..\PacketTypes.h">
      <Filter>Header Files\Resources</Filter>
    </ClInclude>
    <ClInclude Include="PlayerSprite.h">
      <Filter>Header Files\Objects</Filter>
    </ClInclude>
    <ClInclude Include="..\Assets.h">
      <Filter>Header Files\Resources</Filter>
    </ClInclude>
    <ClInclude Include="BulletSprite.h">
      <Filter>Header Files\Objects</Filter>
    </ClInclude>
    <ClInclude Include="HealthBarSprite.h">
      <Filter>Header Files\Objects</Filter>
    </ClInclude>
    <ClInclude Include="Level.h">
      <Filter>Header Files\Objects</Filter>
    </ClInclude>
    <ClInclude Include="ScoreBoard.h">
      <Filter>Header Files\Objects</Filter>
    </ClInclude>
    <ClInclude Include="SplashState.h">
      <Filter>Header Files\States</Filter>
    </ClInclude>
    <ClInclude Include="CreditsState.h">
      <Filter>Header Files\States</Filter>
    </ClInclude>
    <ClInclude Include="OptionsState.h">
      <Filter>Header Files\States</Filter>
    </ClInclude>
    <ClInclude Include="LobbyState.h">
      <Filter>Header Files\States</Filter>
    </ClInclude>
    <ClInclude Include="MenuState.h">
      <Filter>Header Files\Display</Filter>
    </ClInclude>
    <ClInclude Include="Button.h">
      <Filter>Header Files\Display</Filter>
    </ClInclude>
    <ClInclude Include="SpriteSheet.h">
      <Filter>Header Files\Display</Filter>
    </ClInclude>
    <ClInclude Include="HelpState.h">
      <Filter>Header Files\States</Filter>
    </ClInclude>
    <ClInclude Include="InputBox.h">
      <Filter>Header Files\Objects</Filter>
    </ClInclude>
    <ClInclude Include="NotificationBox.h">
      <Filter>Header Files\Display</Filter>
    </ClInclude>
    <ClInclude Include="Starfield.h">
      <Filter>Header Files\Objects</Filter>
    </ClInclude>
    <ClInclude Include="AudioManager.h">
      <Filter>Header Files</Filter>
    </ClInclude>
    <ClInclude Include="..\SimplePersistence-1.0\PugiXML\pugiconfig.hpp">
      <Filter>Header Files\SimplePersistence</Filter>
    </ClInclude>
    <ClInclude Include="..\SimplePersistence-1.0\PugiXML\pugixml.hpp">
      <Filter>Header Files\SimplePersistence</Filter>
    </ClInclude>
    <ClInclude Include="..\SimplePersistence-1.0\SimplePersistence.h">
      <Filter>Header Files\SimplePersistence</Filter>
    </ClInclude>
  </ItemGroup>
</Project>