<?xml version="1.0" encoding="utf-8"?>
<Project ToolsVersion="4.0" xmlns="http://schemas.microsoft.com/developer/msbuild/2003">
  <ItemGroup>
    <Filter Include="Source Files">
      <UniqueIdentifier>{4FC737F1-C7A5-4376-A066-2A32D752A2FF}</UniqueIdentifier>
      <Extensions>cpp;c;cc;cxx;def;odl;idl;hpj;bat;asm;asmx</Extensions>
    </Filter>
    <Filter Include="Header Files">
      <UniqueIdentifier>{93995380-89BD-4b04-88EB-625FBE52EBFB}</UniqueIdentifier>
      <Extensions>h;hpp;hxx;hm;inl;inc;xsd</Extensions>
    </Filter>
    <Filter Include="Resource Files">
      <UniqueIdentifier>{67DA6AB6-F800-4c08-8B7A-83BB121AAD01}</UniqueIdentifier>
      <Extensions>rc;ico;cur;bmp;dlg;rc2;rct;bin;rgs;gif;jpg;jpeg;jpe;resx;tiff;tif;png;wav;mfcribbon-ms</Extensions>
    </Filter>
    <Filter Include="Header Files\PIPES">
      <UniqueIdentifier>{a3e456d2-bc89-4dfa-8cef-7f4cffaac8e9}</UniqueIdentifier>
    </Filter>
    <Filter Include="Header Files\States">
      <UniqueIdentifier>{da77ad7c-c593-4171-8098-d0b5ca84a9fb}</UniqueIdentifier>
    </Filter>
    <Filter Include="Source Files\PIPES">
      <UniqueIdentifier>{0e26fe6e-adc8-4294-a767-c8faab7720da}</UniqueIdentifier>
    </Filter>
    <Filter Include="Source Files\States">
      <UniqueIdentifier>{26b1225a-22a5-4335-81a2-6a0d89d766d5}</UniqueIdentifier>
    </Filter>
    <Filter Include="Source Files\Base">
      <UniqueIdentifier>{d7598af7-6898-4267-ac0a-888e2b04fb70}</UniqueIdentifier>
    </Filter>
    <Filter Include="Header Files\Base">
      <UniqueIdentifier>{47c3d25b-a139-4da0-91fa-fe22331ebaa5}</UniqueIdentifier>
    </Filter>
  </ItemGroup>
  <ItemGroup>
    <ClCompile Include="GameManager.cpp">
      <Filter>Source Files</Filter>
    </ClCompile>
    <ClCompile Include="TextInputBox.cpp">
      <Filter>Source Files</Filter>
    </ClCompile>
    <ClCompile Include="ClientReceiver.cpp">
      <Filter>Source Files\PIPES</Filter>
    </ClCompile>
    <ClCompile Include="ClientTransmitter.cpp">
      <Filter>Source Files\PIPES</Filter>
    </ClCompile>
    <ClCompile Include="Main.cpp">
      <Filter>Source Files</Filter>
    </ClCompile>
    <ClCompile Include="State.cpp">
      <Filter>Source Files\Base</Filter>
    </ClCompile>
    <ClCompile Include="..\PacketTypes.cpp">
      <Filter>Source Files</Filter>
    </ClCompile>
    <ClCompile Include="..\SharedConstants.cpp">
      <Filter>Source Files</Filter>
    </ClCompile>
    <ClCompile Include="StartState.cpp">
      <Filter>Source Files\States</Filter>
    </ClCompile>
    <ClCompile Include="GameState.cpp">
      <Filter>Source Files\States</Filter>
    </ClCompile>
  </ItemGroup>
  <ItemGroup>
    <ClInclude Include="GameManager.h">
      <Filter>Header Files</Filter>
    </ClInclude>
    <ClInclude Include="TextInputBox.h">
      <Filter>Header Files</Filter>
    </ClInclude>
    <ClInclude Include="ClientReceiver.h">
      <Filter>Header Files\PIPES</Filter>
    </ClInclude>
    <ClInclude Include="ClientTransmitter.h">
      <Filter>Header Files\PIPES</Filter>
    </ClInclude>
    <ClInclude Include="State.h">
      <Filter>Header Files\Base</Filter>
    </ClInclude>
    <ClInclude Include="..\PacketTypes.h">
      <Filter>Header Files</Filter>
    </ClInclude>
    <ClInclude Include="..\SharedConstants.h">
      <Filter>Header Files</Filter>
    </ClInclude>
    <ClInclude Include="StartState.h">
      <Filter>Header Files\States</Filter>
    </ClInclude>
    <ClInclude Include="GameState.h">
      <Filter>Header Files\States</Filter>
    </ClInclude>
  </ItemGroup>
</Project>