<?xml version="1.0" encoding="utf-8"?>
<Project ToolsVersion="4.0" xmlns="http://schemas.microsoft.com/developer/msbuild/2003">
  <ItemGroup>
    <Filter Include="Source Files">
      <UniqueIdentifier>{4FC737F1-C7A5-4376-A066-2A32D752A2FF}</UniqueIdentifier>
      <Extensions>cpp;c;cc;cxx;def;odl;idl;hpj;bat;asm;asmx</Extensions>
    </Filter>
    <Filter Include="Header Files">
      <UniqueIdentifier>{93995380-89BD-4b04-88EB-625FBE52EBFB}</UniqueIdentifier>
      <Extensions>h;hpp;hxx;hm;inl;inc;xsd</Extensions>
    </Filter>
    <Filter Include="Header Files\PIPES">
      <UniqueIdentifier>{416decc8-64e7-4437-9068-d39213c23761}</UniqueIdentifier>
    </Filter>
    <Filter Include="Source Files\PIPES">
      <UniqueIdentifier>{2052f00a-9a8e-46f9-ac14-6c5734cf2a05}</UniqueIdentifier>
    </Filter>
    <Filter Include="Header Files\Modules">
      <UniqueIdentifier>{44f4c9ec-2c47-4725-ac28-e85469b87b4e}</UniqueIdentifier>
    </Filter>
    <Filter Include="Source Files\Modules">
      <UniqueIdentifier>{e8252c63-1a56-40c9-aeb7-ca0273413744}</UniqueIdentifier>
    </Filter>
    <Filter Include="Header Files\Resources">
      <UniqueIdentifier>{62ebfda4-f339-4ecf-a0db-db9a29ab04c5}</UniqueIdentifier>
    </Filter>
    <Filter Include="Source Files\Resources">
      <UniqueIdentifier>{259a2d8f-b479-4bf2-a13d-c77aa051729b}</UniqueIdentifier>
    </Filter>
    <Filter Include="Source Files\Objects">
      <UniqueIdentifier>{f25d1f83-3629-4bff-839a-2485b0321927}</UniqueIdentifier>
    </Filter>
    <Filter Include="Header Files\Objects">
      <UniqueIdentifier>{212265ec-0ccc-494e-8f53-db1462003cfe}</UniqueIdentifier>
    </Filter>
  </ItemGroup>
  <ItemGroup>
    <ClCompile Include="ServerReceiver.cpp">
      <Filter>Source Files\PIPES</Filter>
    </ClCompile>
    <ClCompile Include="ServerRouter.cpp">
      <Filter>Source Files\PIPES</Filter>
    </ClCompile>
    <ClCompile Include="ServerTransmitter.cpp">
      <Filter>Source Files\PIPES</Filter>
    </ClCompile>
    <ClCompile Include="Main.cpp">
      <Filter>Source Files</Filter>
    </ClCompile>
    <ClCompile Include="ConnectionHandler.cpp">
      <Filter>Source Files\Modules</Filter>
    </ClCompile>
    <ClCompile Include="GameLogic.cpp">
      <Filter>Source Files\Modules</Filter>
    </ClCompile>
    <ClCompile Include="..\PacketTypes.cpp">
      <Filter>Source Files\Resources</Filter>
    </ClCompile>
    <ClCompile Include="..\SharedConstants.cpp">
      <Filter>Source Files\Resources</Filter>
    </ClCompile>
    <ClCompile Include="Server.cpp">
      <Filter>Source Files</Filter>
    </ClCompile>
    <ClCompile Include="Player.cpp">
      <Filter>Source Files\Objects</Filter>
    </ClCompile>
    <ClCompile Include="Object.cpp">
      <Filter>Source Files\Objects</Filter>
    </ClCompile>
    <ClCompile Include="Level.cpp">
      <Filter>Source Files\Objects</Filter>
    </ClCompile>
    <ClCompile Include="BulletHandler.cpp">
      <Filter>Source Files\Modules</Filter>
    </ClCompile>
    <ClCompile Include="Projectile.cpp">
      <Filter>Source Files\Objects</Filter>
    </ClCompile>
  </ItemGroup>
  <ItemGroup>
    <ClInclude Include="ServerReceiver.h">
      <Filter>Header Files\PIPES</Filter>
    </ClInclude>
    <ClInclude Include="ServerRouter.h">
      <Filter>Header Files\PIPES</Filter>
    </ClInclude>
    <ClInclude Include="ServerTransmitter.h">
      <Filter>Header Files\PIPES</Filter>
    </ClInclude>
    <ClInclude Include="ConnectionHandler.h">
      <Filter>Header Files\Modules</Filter>
    </ClInclude>
    <ClInclude Include="GameLogic.h">
      <Filter>Header Files\Modules</Filter>
    </ClInclude>
    <ClInclude Include="..\PacketTypes.h">
      <Filter>Header Files\Resources</Filter>
    </ClInclude>
    <ClInclude Include="..\SharedConstants.h">
      <Filter>Header Files\Resources</Filter>
    </ClInclude>
    <ClInclude Include="PlayerNetworkData.h">
      <Filter>Header Files\Resources</Filter>
    </ClInclude>
    <ClInclude Include="ServerCommands.h">
      <Filter>Header Files\Resources</Filter>
    </ClInclude>
    <ClInclude Include="Server.h">
      <Filter>Header Files</Filter>
    </ClInclude>
    <ClInclude Include="Player.h">
      <Filter>Header Files\Objects</Filter>
    </ClInclude>
    <ClInclude Include="..\Assets.h">
      <Filter>Header Files\Resources</Filter>
    </ClInclude>
    <ClInclude Include="Object.h">
      <Filter>Header Files\Objects</Filter>
    </ClInclude>
    <ClInclude Include="Level.h">
      <Filter>Header Files\Objects</Filter>
    </ClInclude>
    <ClInclude Include="Projectile.h">
      <Filter>Header Files\Objects</Filter>
    </ClInclude>
    <ClInclude Include="BulletHandler.h">
      <Filter>Header Files\Modules</Filter>
    </ClInclude>
  </ItemGroup>
</Project>